Microsoft Visual Studio Solution File, Format Version 12.00
# Visual Studio Version 17
VisualStudioVersion = 17.5.2.0
MinimumVisualStudioVersion = 10.0.40219.1
Project("{FAE04EC0-301F-11D3-BF4B-00C04F79EFBC}") = "Migrations", "Migrations.csproj", "{8135C6BF-14E1-1E98-C5EF-161AB5A62DC7}"
EndProject
Global
	GlobalSection(SolutionConfigurationPlatforms) = preSolution
		Debug|Any CPU = Debug|Any CPU
		Release|Any CPU = Release|Any CPU
	EndGlobalSection
	GlobalSection(ProjectConfigurationPlatforms) = postSolution
		{8135C6BF-14E1-1E98-C5EF-161AB5A62DC7}.Debug|Any CPU.ActiveCfg = Debug|Any CPU
		{8135C6BF-14E1-1E98-C5EF-161AB5A62DC7}.Debug|Any CPU.Build.0 = Debug|Any CPU
		{8135C6BF-14E1-1E98-C5EF-161AB5A62DC7}.Release|Any CPU.ActiveCfg = Release|Any CPU
		{8135C6BF-14E1-1E98-C5EF-161AB5A62DC7}.Release|Any CPU.Build.0 = Release|Any CPU
	EndGlobalSection
	GlobalSection(SolutionProperties) = preSolution
		HideSolutionNode = FALSE
	EndGlobalSection
	GlobalSection(ExtensibilityGlobals) = postSolution
		SolutionGuid = {F88626F0-3155-4FE2-8804-D4DC21A0EECE}
	EndGlobalSection
EndGlobal
